
Microsoft Visual Studio Solution File, Format Version 9.00
# Visual Studio 2005
Project("{8BC9CEB8-8B4A-11D0-8D11-00A0C91BC942}") = "NetPipe", "NetPipe\NetPipe.vcproj", "{D534E54B-7E88-4535-8FDC-E7AE67120071}"
EndProject
Project("{8BC9CEB8-8B4A-11D0-8D11-00A0C91BC942}") = "TestApplication", "TestApplication\TestApplication.vcproj", "{4D8DB43B-C6F4-489D-A12C-B8DC4365FEFE}"
	ProjectSection(ProjectDependencies) = postProject
		{D534E54B-7E88-4535-8FDC-E7AE67120071} = {D534E54B-7E88-4535-8FDC-E7AE67120071}
	EndProjectSection
EndProject
Project("{8BC9CEB8-8B4A-11D0-8D11-00A0C91BC942}") = "Kicker", "Kicker\Kicker.vcproj", "{E3E2E888-0EE4-4CEE-8CC4-98E3B4B784EB}"
	ProjectSection(ProjectDependencies) = postProject
		{D534E54B-7E88-4535-8FDC-E7AE67120071} = {D534E54B-7E88-4535-8FDC-E7AE67120071}
	EndProjectSection
EndProject
Project("{8BC9CEB8-8B4A-11D0-8D11-00A0C91BC942}") = "NetPipe.NET", "NetPipe.NET\NetPipe.NET.vcproj", "{A97A619F-899C-4C24-ACFD-68A0610E5E92}"
	ProjectSection(ProjectDependencies) = postProject
		{D534E54B-7E88-4535-8FDC-E7AE67120071} = {D534E54B-7E88-4535-8FDC-E7AE67120071}
	EndProjectSection
EndProject
Project("{8BC9CEB8-8B4A-11D0-8D11-00A0C91BC942}") = "NetPipe.SmartPhone2003", "NetPipe.SmartPhone2003\NetPipe.SmartPhone2003.vcproj", "{6C609FD5-7974-47FD-8A0E-E44CCF46756A}"
EndProject
Project("{8BC9CEB8-8B4A-11D0-8D11-00A0C91BC942}") = "NetPipeRuby", "NetPipeRuby\NetPipeRuby.vcproj", "{57B1E3E1-2D46-4477-A7B8-0B2245851FB8}"
	ProjectSection(ProjectDependencies) = postProject
		{D534E54B-7E88-4535-8FDC-E7AE67120071} = {D534E54B-7E88-4535-8FDC-E7AE67120071}
	EndProjectSection
EndProject
Global
	GlobalSection(SolutionConfigurationPlatforms) = preSolution
		Debug|Any CPU = Debug|Any CPU
		Debug|Mixed Platforms = Debug|Mixed Platforms
		Debug|Pocket PC 2003 (ARMV4) = Debug|Pocket PC 2003 (ARMV4)
		Debug|Smartphone 2003 (ARMV4) = Debug|Smartphone 2003 (ARMV4)
		Debug|Win32 = Debug|Win32
		Debug|Windows Mobile 6 Professional SDK (ARMV4I) = Debug|Windows Mobile 6 Professional SDK (ARMV4I)
		Release|Any CPU = Release|Any CPU
		Release|Mixed Platforms = Release|Mixed Platforms
		Release|Pocket PC 2003 (ARMV4) = Release|Pocket PC 2003 (ARMV4)
		Release|Smartphone 2003 (ARMV4) = Release|Smartphone 2003 (ARMV4)
		Release|Win32 = Release|Win32
		Release|Windows Mobile 6 Professional SDK (ARMV4I) = Release|Windows Mobile 6 Professional SDK (ARMV4I)
	EndGlobalSection
	GlobalSection(ProjectConfigurationPlatforms) = postSolution
		{D534E54B-7E88-4535-8FDC-E7AE67120071}.Debug|Any CPU.ActiveCfg = Debug|Win32
		{D534E54B-7E88-4535-8FDC-E7AE67120071}.Debug|Mixed Platforms.ActiveCfg = Debug|Win32
		{D534E54B-7E88-4535-8FDC-E7AE67120071}.Debug|Mixed Platforms.Build.0 = Debug|Win32
		{D534E54B-7E88-4535-8FDC-E7AE67120071}.Debug|Pocket PC 2003 (ARMV4).ActiveCfg = Debug|Win32
		{D534E54B-7E88-4535-8FDC-E7AE67120071}.Debug|Smartphone 2003 (ARMV4).ActiveCfg = Debug|Win32
		{D534E54B-7E88-4535-8FDC-E7AE67120071}.Debug|Smartphone 2003 (ARMV4).Build.0 = Debug|Win32
		{D534E54B-7E88-4535-8FDC-E7AE67120071}.Debug|Win32.ActiveCfg = Debug|Win32
		{D534E54B-7E88-4535-8FDC-E7AE67120071}.Debug|Win32.Build.0 = Debug|Win32
		{D534E54B-7E88-4535-8FDC-E7AE67120071}.Debug|Windows Mobile 6 Professional SDK (ARMV4I).ActiveCfg = Debug|Win32
		{D534E54B-7E88-4535-8FDC-E7AE67120071}.Release|Any CPU.ActiveCfg = Release|Win32
		{D534E54B-7E88-4535-8FDC-E7AE67120071}.Release|Mixed Platforms.ActiveCfg = Release|Win32
		{D534E54B-7E88-4535-8FDC-E7AE67120071}.Release|Mixed Platforms.Build.0 = Release|Win32
		{D534E54B-7E88-4535-8FDC-E7AE67120071}.Release|Pocket PC 2003 (ARMV4).ActiveCfg = Release|Win32
		{D534E54B-7E88-4535-8FDC-E7AE67120071}.Release|Smartphone 2003 (ARMV4).ActiveCfg = Release|Win32
		{D534E54B-7E88-4535-8FDC-E7AE67120071}.Release|Smartphone 2003 (ARMV4).Build.0 = Release|Win32
		{D534E54B-7E88-4535-8FDC-E7AE67120071}.Release|Win32.ActiveCfg = Release|Win32
		{D534E54B-7E88-4535-8FDC-E7AE67120071}.Release|Win32.Build.0 = Release|Win32
		{D534E54B-7E88-4535-8FDC-E7AE67120071}.Release|Windows Mobile 6 Professional SDK (ARMV4I).ActiveCfg = Release|Win32
		{4D8DB43B-C6F4-489D-A12C-B8DC4365FEFE}.Debug|Any CPU.ActiveCfg = Debug|Win32
		{4D8DB43B-C6F4-489D-A12C-B8DC4365FEFE}.Debug|Mixed Platforms.ActiveCfg = Debug|Win32
		{4D8DB43B-C6F4-489D-A12C-B8DC4365FEFE}.Debug|Mixed Platforms.Build.0 = Debug|Win32
		{4D8DB43B-C6F4-489D-A12C-B8DC4365FEFE}.Debug|Pocket PC 2003 (ARMV4).ActiveCfg = Debug|Win32
		{4D8DB43B-C6F4-489D-A12C-B8DC4365FEFE}.Debug|Smartphone 2003 (ARMV4).ActiveCfg = Debug|Win32
		{4D8DB43B-C6F4-489D-A12C-B8DC4365FEFE}.Debug|Smartphone 2003 (ARMV4).Build.0 = Debug|Win32
		{4D8DB43B-C6F4-489D-A12C-B8DC4365FEFE}.Debug|Win32.ActiveCfg = Debug|Win32
		{4D8DB43B-C6F4-489D-A12C-B8DC4365FEFE}.Debug|Win32.Build.0 = Debug|Win32
		{4D8DB43B-C6F4-489D-A12C-B8DC4365FEFE}.Debug|Windows Mobile 6 Professional SDK (ARMV4I).ActiveCfg = Debug|Win32
		{4D8DB43B-C6F4-489D-A12C-B8DC4365FEFE}.Release|Any CPU.ActiveCfg = Release|Win32
		{4D8DB43B-C6F4-489D-A12C-B8DC4365FEFE}.Release|Mixed Platforms.ActiveCfg = Release|Win32
		{4D8DB43B-C6F4-489D-A12C-B8DC4365FEFE}.Release|Mixed Platforms.Build.0 = Release|Win32
		{4D8DB43B-C6F4-489D-A12C-B8DC4365FEFE}.Release|Pocket PC 2003 (ARMV4).ActiveCfg = Release|Win32
		{4D8DB43B-C6F4-489D-A12C-B8DC4365FEFE}.Release|Smartphone 2003 (ARMV4).ActiveCfg = Release|Win32
		{4D8DB43B-C6F4-489D-A12C-B8DC4365FEFE}.Release|Smartphone 2003 (ARMV4).Build.0 = Release|Win32
		{4D8DB43B-C6F4-489D-A12C-B8DC4365FEFE}.Release|Win32.ActiveCfg = Release|Win32
		{4D8DB43B-C6F4-489D-A12C-B8DC4365FEFE}.Release|Win32.Build.0 = Release|Win32
		{4D8DB43B-C6F4-489D-A12C-B8DC4365FEFE}.Release|Windows Mobile 6 Professional SDK (ARMV4I).ActiveCfg = Release|Win32
		{E3E2E888-0EE4-4CEE-8CC4-98E3B4B784EB}.Debug|Any CPU.ActiveCfg = Debug|Win32
		{E3E2E888-0EE4-4CEE-8CC4-98E3B4B784EB}.Debug|Mixed Platforms.ActiveCfg = Debug|Win32
		{E3E2E888-0EE4-4CEE-8CC4-98E3B4B784EB}.Debug|Mixed Platforms.Build.0 = Debug|Win32
		{E3E2E888-0EE4-4CEE-8CC4-98E3B4B784EB}.Debug|Pocket PC 2003 (ARMV4).ActiveCfg = Debug|Win32
		{E3E2E888-0EE4-4CEE-8CC4-98E3B4B784EB}.Debug|Smartphone 2003 (ARMV4).ActiveCfg = Debug|Win32
		{E3E2E888-0EE4-4CEE-8CC4-98E3B4B784EB}.Debug|Smartphone 2003 (ARMV4).Build.0 = Debug|Win32
		{E3E2E888-0EE4-4CEE-8CC4-98E3B4B784EB}.Debug|Win32.ActiveCfg = Debug|Win32
		{E3E2E888-0EE4-4CEE-8CC4-98E3B4B784EB}.Debug|Win32.Build.0 = Debug|Win32
		{E3E2E888-0EE4-4CEE-8CC4-98E3B4B784EB}.Debug|Windows Mobile 6 Professional SDK (ARMV4I).ActiveCfg = Debug|Win32
		{E3E2E888-0EE4-4CEE-8CC4-98E3B4B784EB}.Release|Any CPU.ActiveCfg = Release|Win32
		{E3E2E888-0EE4-4CEE-8CC4-98E3B4B784EB}.Release|Mixed Platforms.ActiveCfg = Release|Win32
		{E3E2E888-0EE4-4CEE-8CC4-98E3B4B784EB}.Release|Mixed Platforms.Build.0 = Release|Win32
		{E3E2E888-0EE4-4CEE-8CC4-98E3B4B784EB}.Release|Pocket PC 2003 (ARMV4).ActiveCfg = Release|Win32
		{E3E2E888-0EE4-4CEE-8CC4-98E3B4B784EB}.Release|Smartphone 2003 (ARMV4).ActiveCfg = Release|Win32
		{E3E2E888-0EE4-4CEE-8CC4-98E3B4B784EB}.Release|Smartphone 2003 (ARMV4).Build.0 = Release|Win32
		{E3E2E888-0EE4-4CEE-8CC4-98E3B4B784EB}.Release|Win32.ActiveCfg = Release|Win32
		{E3E2E888-0EE4-4CEE-8CC4-98E3B4B784EB}.Release|Win32.Build.0 = Release|Win32
		{E3E2E888-0EE4-4CEE-8CC4-98E3B4B784EB}.Release|Windows Mobile 6 Professional SDK (ARMV4I).ActiveCfg = Release|Win32
		{A97A619F-899C-4C24-ACFD-68A0610E5E92}.Debug|Any CPU.ActiveCfg = Debug|Win32
		{A97A619F-899C-4C24-ACFD-68A0610E5E92}.Debug|Mixed Platforms.ActiveCfg = Debug|Win32
		{A97A619F-899C-4C24-ACFD-68A0610E5E92}.Debug|Mixed Platforms.Build.0 = Debug|Win32
		{A97A619F-899C-4C24-ACFD-68A0610E5E92}.Debug|Pocket PC 2003 (ARMV4).ActiveCfg = Debug|Win32
		{A97A619F-899C-4C24-ACFD-68A0610E5E92}.Debug|Smartphone 2003 (ARMV4).ActiveCfg = Debug|Win32
		{A97A619F-899C-4C24-ACFD-68A0610E5E92}.Debug|Smartphone 2003 (ARMV4).Build.0 = Debug|Win32
		{A97A619F-899C-4C24-ACFD-68A0610E5E92}.Debug|Win32.ActiveCfg = Debug|Win32
		{A97A619F-899C-4C24-ACFD-68A0610E5E92}.Debug|Win32.Build.0 = Debug|Win32
		{A97A619F-899C-4C24-ACFD-68A0610E5E92}.Debug|Windows Mobile 6 Professional SDK (ARMV4I).ActiveCfg = Debug|Win32
		{A97A619F-899C-4C24-ACFD-68A0610E5E92}.Release|Any CPU.ActiveCfg = Release|Win32
		{A97A619F-899C-4C24-ACFD-68A0610E5E92}.Release|Mixed Platforms.ActiveCfg = Release|Win32
		{A97A619F-899C-4C24-ACFD-68A0610E5E92}.Release|Mixed Platforms.Build.0 = Release|Win32
		{A97A619F-899C-4C24-ACFD-68A0610E5E92}.Release|Pocket PC 2003 (ARMV4).ActiveCfg = Release|Win32
		{A97A619F-899C-4C24-ACFD-68A0610E5E92}.Release|Smartphone 2003 (ARMV4).ActiveCfg = Release|Win32
		{A97A619F-899C-4C24-ACFD-68A0610E5E92}.Release|Smartphone 2003 (ARMV4).Build.0 = Release|Win32
		{A97A619F-899C-4C24-ACFD-68A0610E5E92}.Release|Win32.ActiveCfg = Release|Win32
		{A97A619F-899C-4C24-ACFD-68A0610E5E92}.Release|Win32.Build.0 = Release|Win32
		{A97A619F-899C-4C24-ACFD-68A0610E5E92}.Release|Windows Mobile 6 Professional SDK (ARMV4I).ActiveCfg = Release|Win32
		{6C609FD5-7974-47FD-8A0E-E44CCF46756A}.Debug|Any CPU.ActiveCfg = Debug|Pocket PC 2003 (ARMV4)
		{6C609FD5-7974-47FD-8A0E-E44CCF46756A}.Debug|Mixed Platforms.ActiveCfg = Debug|Pocket PC 2003 (ARMV4)
		{6C609FD5-7974-47FD-8A0E-E44CCF46756A}.Debug|Mixed Platforms.Build.0 = Debug|Pocket PC 2003 (ARMV4)
		{6C609FD5-7974-47FD-8A0E-E44CCF46756A}.Debug|Pocket PC 2003 (ARMV4).ActiveCfg = Debug|Pocket PC 2003 (ARMV4)
		{6C609FD5-7974-47FD-8A0E-E44CCF46756A}.Debug|Pocket PC 2003 (ARMV4).Build.0 = Debug|Pocket PC 2003 (ARMV4)
		{6C609FD5-7974-47FD-8A0E-E44CCF46756A}.Debug|Pocket PC 2003 (ARMV4).Deploy.0 = Debug|Pocket PC 2003 (ARMV4)
		{6C609FD5-7974-47FD-8A0E-E44CCF46756A}.Debug|Smartphone 2003 (ARMV4).ActiveCfg = Debug|Smartphone 2003 (ARMV4)
		{6C609FD5-7974-47FD-8A0E-E44CCF46756A}.Debug|Smartphone 2003 (ARMV4).Build.0 = Debug|Smartphone 2003 (ARMV4)
		{6C609FD5-7974-47FD-8A0E-E44CCF46756A}.Debug|Smartphone 2003 (ARMV4).Deploy.0 = Debug|Smartphone 2003 (ARMV4)
		{6C609FD5-7974-47FD-8A0E-E44CCF46756A}.Debug|Win32.ActiveCfg = Debug|Pocket PC 2003 (ARMV4)
		{6C609FD5-7974-47FD-8A0E-E44CCF46756A}.Debug|Windows Mobile 6 Professional SDK (ARMV4I).ActiveCfg = Debug|Windows Mobile 6 Professional SDK (ARMV4I)
		{6C609FD5-7974-47FD-8A0E-E44CCF46756A}.Debug|Windows Mobile 6 Professional SDK (ARMV4I).Build.0 = Debug|Windows Mobile 6 Professional SDK (ARMV4I)
		{6C609FD5-7974-47FD-8A0E-E44CCF46756A}.Debug|Windows Mobile 6 Professional SDK (ARMV4I).Deploy.0 = Debug|Windows Mobile 6 Professional SDK (ARMV4I)
		{6C609FD5-7974-47FD-8A0E-E44CCF46756A}.Release|Any CPU.ActiveCfg = Release|Pocket PC 2003 (ARMV4)
		{6C609FD5-7974-47FD-8A0E-E44CCF46756A}.Release|Mixed Platforms.ActiveCfg = Release|Pocket PC 2003 (ARMV4)
		{6C609FD5-7974-47FD-8A0E-E44CCF46756A}.Release|Mixed Platforms.Build.0 = Release|Pocket PC 2003 (ARMV4)
		{6C609FD5-7974-47FD-8A0E-E44CCF46756A}.Release|Pocket PC 2003 (ARMV4).ActiveCfg = Release|Pocket PC 2003 (ARMV4)
		{6C609FD5-7974-47FD-8A0E-E44CCF46756A}.Release|Pocket PC 2003 (ARMV4).Build.0 = Release|Pocket PC 2003 (ARMV4)
		{6C609FD5-7974-47FD-8A0E-E44CCF46756A}.Release|Pocket PC 2003 (ARMV4).Deploy.0 = Release|Pocket PC 2003 (ARMV4)
		{6C609FD5-7974-47FD-8A0E-E44CCF46756A}.Release|Smartphone 2003 (ARMV4).ActiveCfg = Release|Smartphone 2003 (ARMV4)
		{6C609FD5-7974-47FD-8A0E-E44CCF46756A}.Release|Smartphone 2003 (ARMV4).Build.0 = Release|Smartphone 2003 (ARMV4)
		{6C609FD5-7974-47FD-8A0E-E44CCF46756A}.Release|Smartphone 2003 (ARMV4).Deploy.0 = Release|Smartphone 2003 (ARMV4)
		{6C609FD5-7974-47FD-8A0E-E44CCF46756A}.Release|Win32.ActiveCfg = Release|Pocket PC 2003 (ARMV4)
		{6C609FD5-7974-47FD-8A0E-E44CCF46756A}.Release|Windows Mobile 6 Professional SDK (ARMV4I).ActiveCfg = Release|Windows Mobile 6 Professional SDK (ARMV4I)
		{6C609FD5-7974-47FD-8A0E-E44CCF46756A}.Release|Windows Mobile 6 Professional SDK (ARMV4I).Build.0 = Release|Windows Mobile 6 Professional SDK (ARMV4I)
		{6C609FD5-7974-47FD-8A0E-E44CCF46756A}.Release|Windows Mobile 6 Professional SDK (ARMV4I).Deploy.0 = Release|Windows Mobile 6 Professional SDK (ARMV4I)
		{57B1E3E1-2D46-4477-A7B8-0B2245851FB8}.Debug|Any CPU.ActiveCfg = Debug|Win32
		{57B1E3E1-2D46-4477-A7B8-0B2245851FB8}.Debug|Mixed Platforms.ActiveCfg = Debug|Win32
		{57B1E3E1-2D46-4477-A7B8-0B2245851FB8}.Debug|Mixed Platforms.Build.0 = Debug|Win32
		{57B1E3E1-2D46-4477-A7B8-0B2245851FB8}.Debug|Pocket PC 2003 (ARMV4).ActiveCfg = Debug|Win32
		{57B1E3E1-2D46-4477-A7B8-0B2245851FB8}.Debug|Smartphone 2003 (ARMV4).ActiveCfg = Debug|Win32
		{57B1E3E1-2D46-4477-A7B8-0B2245851FB8}.Debug|Smartphone 2003 (ARMV4).Build.0 = Debug|Win32
		{57B1E3E1-2D46-4477-A7B8-0B2245851FB8}.Debug|Win32.ActiveCfg = Debug|Win32
		{57B1E3E1-2D46-4477-A7B8-0B2245851FB8}.Debug|Win32.Build.0 = Debug|Win32
		{57B1E3E1-2D46-4477-A7B8-0B2245851FB8}.Debug|Windows Mobile 6 Professional SDK (ARMV4I).ActiveCfg = Debug|Win32
		{57B1E3E1-2D46-4477-A7B8-0B2245851FB8}.Release|Any CPU.ActiveCfg = Release|Win32
		{57B1E3E1-2D46-4477-A7B8-0B2245851FB8}.Release|Mixed Platforms.ActiveCfg = Release|Win32
		{57B1E3E1-2D46-4477-A7B8-0B2245851FB8}.Release|Mixed Platforms.Build.0 = Release|Win32
		{57B1E3E1-2D46-4477-A7B8-0B2245851FB8}.Release|Pocket PC 2003 (ARMV4).ActiveCfg = Release|Win32
		{57B1E3E1-2D46-4477-A7B8-0B2245851FB8}.Release|Smartphone 2003 (ARMV4).ActiveCfg = Release|Win32
		{57B1E3E1-2D46-4477-A7B8-0B2245851FB8}.Release|Smartphone 2003 (ARMV4).Build.0 = Release|Win32
		{57B1E3E1-2D46-4477-A7B8-0B2245851FB8}.Release|Win32.ActiveCfg = Release|Win32
		{57B1E3E1-2D46-4477-A7B8-0B2245851FB8}.Release|Win32.Build.0 = Release|Win32
		{57B1E3E1-2D46-4477-A7B8-0B2245851FB8}.Release|Windows Mobile 6 Professional SDK (ARMV4I).ActiveCfg = Release|Win32
	EndGlobalSection
	GlobalSection(SolutionProperties) = preSolution
		HideSolutionNode = FALSE
	EndGlobalSection
EndGlobal
